[[package]]
name = "atomicwrites"
version = "1.4.0"
description = "Atomic file writes."
category = "dev"
optional = false
python-versions = ">=2.7, !=3.0.*, !=3.1.*, !=3.2.*, !=3.3.*"

[[package]]
name = "attrs"
version = "21.4.0"
description = "Classes Without Boilerplate"
category = "dev"
optional = false
python-versions = ">=2.7, !=3.0.*, !=3.1.*, !=3.2.*, !=3.3.*, !=3.4.*"

[package.extras]
dev = ["coverage[toml] (>=5.0.2)", "hypothesis", "pympler", "pytest (>=4.3.0)", "six", "mypy", "pytest-mypy-plugins", "zope.interface", "furo", "sphinx", "sphinx-notfound-page", "pre-commit", "cloudpickle"]
docs = ["furo", "sphinx", "zope.interface", "sphinx-notfound-page"]
tests = ["coverage[toml] (>=5.0.2)", "hypothesis", "pympler", "pytest (>=4.3.0)", "six", "mypy", "pytest-mypy-plugins", "zope.interface", "cloudpickle"]
tests_no_zope = ["coverage[toml] (>=5.0.2)", "hypothesis", "pympler", "pytest (>=4.3.0)", "six", "mypy", "pytest-mypy-plugins", "cloudpickle"]

[[package]]
name = "colorama"
version = "0.4.4"
description = "Cross-platform colored terminal text."
category = "dev"
optional = false
python-versions = ">=2.7, !=3.0.*, !=3.1.*, !=3.2.*, !=3.3.*, !=3.4.*"

[[package]]
name = "commonmark"
version = "0.9.1"
description = "Python parser for the CommonMark Markdown spec"
category = "main"
optional = false
python-versions = "*"

[package.extras]
test = ["flake8 (==3.7.8)", "hypothesis (==3.55.3)"]

[[package]]
name = "future"
version = "0.18.2"
description = "Clean single-source support for Python 3 and 2"
category = "main"
optional = false
python-versions = ">=2.6, !=3.0.*, !=3.1.*, !=3.2.*"

[[package]]
name = "more-itertools"
version = "8.13.0"
description = "More routines for operating on iterables, beyond itertools"
category = "dev"
optional = false
python-versions = ">=3.5"

[[package]]
name = "ntc-templates-elinpf"
version = "3.1.0"
description = "TextFSM Templates for Network Devices, and Python wrapper for TextFSM's CliTable."
category = "main"
optional = false
python-versions = ">=3.6,<4.0"

[package.dependencies]
textfsm = ">=1.1.0,<2.0.0"

[[package]]
name = "packaging"
version = "21.3"
description = "Core utilities for Python packages"
category = "dev"
optional = false
python-versions = ">=3.6"

[package.dependencies]
pyparsing = ">=2.0.2,<3.0.5 || >3.0.5"

[[package]]
name = "pluggy"
version = "0.13.1"
description = "plugin and hook calling mechanisms for python"
category = "dev"
optional = false
python-versions = ">=2.7, !=3.0.*, !=3.1.*, !=3.2.*, !=3.3.*"

[package.extras]
dev = ["pre-commit", "tox"]

[[package]]
name = "py"
version = "1.11.0"
description = "library with cross-python path, ini-parsing, io, code, log facilities"
category = "dev"
optional = false
python-versions = ">=2.7, !=3.0.*, !=3.1.*, !=3.2.*, !=3.3.*, !=3.4.*"

[[package]]
name = "pygments"
version = "2.12.0"
description = "Pygments is a syntax highlighting package written in Python."
category = "main"
optional = false
python-versions = ">=3.6"

[[package]]
name = "pyparsing"
version = "3.0.9"
description = "pyparsing module - Classes and methods to define and execute parsing grammars"
category = "dev"
optional = false
python-versions = ">=3.6.8"

[package.extras]
diagrams = ["railroad-diagrams", "jinja2"]

[[package]]
name = "pytest"
version = "5.4.3"
description = "pytest: simple powerful testing with Python"
category = "dev"
optional = false
python-versions = ">=3.5"

[package.dependencies]
atomicwrites = {version = ">=1.0", markers = "sys_platform == \"win32\""}
attrs = ">=17.4.0"
colorama = {version = "*", markers = "sys_platform == \"win32\""}
more-itertools = ">=4.0.0"
packaging = "*"
pluggy = ">=0.12,<1.0"
py = ">=1.5.0"
wcwidth = "*"

[package.extras]
checkqa-mypy = ["mypy (==v0.761)"]
testing = ["argcomplete", "hypothesis (>=3.56)", "mock", "nose", "requests", "xmlschema"]

[[package]]
name = "pytest-datadir"
version = "1.3.1"
description = "pytest plugin for test data directories and files"
category = "dev"
optional = false
python-versions = ">=2.7, !=3.0.*, !=3.1.*, !=3.2.*, !=3.3.*"

[package.dependencies]
pytest = ">=2.7.0"

[[package]]
name = "pytest-mock"
version = "3.7.0"
description = "Thin-wrapper around the mock package for easier use with pytest"
category = "dev"
optional = false
python-versions = ">=3.7"

[package.dependencies]
pytest = ">=5.0"

[package.extras]
dev = ["pre-commit", "tox", "pytest-asyncio"]

[[package]]
name = "python-levenshtein-wheels"
version = "0.13.2"
description = "Python extension for computing string edit distances and similarities."
category = "main"
optional = false
python-versions = "*"

[[package]]
name = "pyyaml"
version = "6.0"
description = "YAML parser and emitter for Python"
category = "dev"
optional = false
python-versions = ">=3.6"

[[package]]
name = "rich"
version = "12.4.1"
description = "Render rich text, tables, progress bars, syntax highlighting, markdown and more to the terminal"
category = "main"
optional = false
python-versions = ">=3.6.3,<4.0.0"

[package.dependencies]
commonmark = ">=0.9.0,<0.10.0"
pygments = ">=2.6.0,<3.0.0"
typing-extensions = {version = ">=4.0.0,<5.0", markers = "python_version < \"3.9\""}

[package.extras]
jupyter = ["ipywidgets (>=7.5.1,<8.0.0)"]

[[package]]
name = "six"
version = "1.16.0"
description = "Python 2 and 3 compatibility utilities"
category = "main"
optional = false
python-versions = ">=2.7, !=3.0.*, !=3.1.*, !=3.2.*"

[[package]]
name = "textfsm"
version = "1.1.2"
description = "Python module for parsing semi-structured text into python tables."
category = "main"
optional = false
python-versions = "*"

[package.dependencies]
future = "*"
six = "*"

[[package]]
name = "typing-extensions"
version = "4.2.0"
description = "Backported and Experimental Type Hints for Python 3.7+"
category = "main"
optional = false
python-versions = ">=3.7"

[[package]]
name = "wcwidth"
version = "0.2.5"
description = "Measures the displayed width of unicode strings in a terminal"
category = "dev"
optional = false
python-versions = "*"

[metadata]
lock-version = "1.1"
python-versions = "^3.8"
content-hash = "68413179462a624f7f51b43b541e261a0390119812f7bb9584331687f3e44be7"

[metadata.files]
atomicwrites = [
    {file = "atomicwrites-1.4.0-py2.py3-none-any.whl", hash = "sha256:6d1784dea7c0c8d4a5172b6c620f40b6e4cbfdf96d783691f2e1302a7b88e197"},
    {file = "atomicwrites-1.4.0.tar.gz", hash = "sha256:ae70396ad1a434f9c7046fd2dd196fc04b12f9e91ffb859164193be8b6168a7a"},
]
attrs = [
    {file = "attrs-21.4.0-py2.py3-none-any.whl", hash = "sha256:2d27e3784d7a565d36ab851fe94887c5eccd6a463168875832a1be79c82828b4"},
    {file = "attrs-21.4.0.tar.gz", hash = "sha256:626ba8234211db98e869df76230a137c4c40a12d72445c45d5f5b716f076e2fd"},
]
colorama = [
    {file = "colorama-0.4.4-py2.py3-none-any.whl", hash = "sha256:9f47eda37229f68eee03b24b9748937c7dc3868f906e8ba69fbcbdd3bc5dc3e2"},
    {file = "colorama-0.4.4.tar.gz", hash = "sha256:5941b2b48a20143d2267e95b1c2a7603ce057ee39fd88e7329b0c292aa16869b"},
]
commonmark = [
    {file = "commonmark-0.9.1-py2.py3-none-any.whl", hash = "sha256:da2f38c92590f83de410ba1a3cbceafbc74fee9def35f9251ba9a971d6d66fd9"},
    {file = "commonmark-0.9.1.tar.gz", hash = "sha256:452f9dc859be7f06631ddcb328b6919c67984aca654e5fefb3914d54691aed60"},
]
future = [
    {file = "future-0.18.2.tar.gz", hash = "sha256:b1bead90b70cf6ec3f0710ae53a525360fa360d306a86583adc6bf83a4db537d"},
]
more-itertools = [
    {file = "more-itertools-8.13.0.tar.gz", hash = "sha256:a42901a0a5b169d925f6f217cd5a190e32ef54360905b9c39ee7db5313bfec0f"},
    {file = "more_itertools-8.13.0-py3-none-any.whl", hash = "sha256:c5122bffc5f104d37c1626b8615b511f3427aa5389b94d61e5ef8236bfbc3ddb"},
]
ntc-templates-elinpf = [
    {file = "ntc_templates_elinpf-3.1.0-py3-none-any.whl", hash = "sha256:8df48ed1000499c4cafb591f786390e836d55eaf0cc6c547fa63edb8b05a54fb"},
    {file = "ntc_templates_elinpf-3.1.0.tar.gz", hash = "sha256:d93a5eb9ade7c84eb52327454bc189275360d6be5c340845aee91db3cc1b76c8"},
]
packaging = [
    {file = "packaging-21.3-py3-none-any.whl", hash = "sha256:ef103e05f519cdc783ae24ea4e2e0f508a9c99b2d4969652eed6a2e1ea5bd522"},
    {file = "packaging-21.3.tar.gz", hash = "sha256:dd47c42927d89ab911e606518907cc2d3a1f38bbd026385970643f9c5b8ecfeb"},
]
pluggy = [
    {file = "pluggy-0.13.1-py2.py3-none-any.whl", hash = "sha256:966c145cd83c96502c3c3868f50408687b38434af77734af1e9ca461a4081d2d"},
    {file = "pluggy-0.13.1.tar.gz", hash = "sha256:15b2acde666561e1298d71b523007ed7364de07029219b604cf808bfa1c765b0"},
]
py = [
    {file = "py-1.11.0-py2.py3-none-any.whl", hash = "sha256:607c53218732647dff4acdfcd50cb62615cedf612e72d1724fb1a0cc6405b378"},
    {file = "py-1.11.0.tar.gz", hash = "sha256:51c75c4126074b472f746a24399ad32f6053d1b34b68d2fa41e558e6f4a98719"},
]
pygments = [
    {file = "Pygments-2.12.0-py3-none-any.whl", hash = "sha256:dc9c10fb40944260f6ed4c688ece0cd2048414940f1cea51b8b226318411c519"},
    {file = "Pygments-2.12.0.tar.gz", hash = "sha256:5eb116118f9612ff1ee89ac96437bb6b49e8f04d8a13b514ba26f620208e26eb"},
]
pyparsing = [
    {file = "pyparsing-3.0.9-py3-none-any.whl", hash = "sha256:5026bae9a10eeaefb61dab2f09052b9f4307d44aee4eda64b309723d8d206bbc"},
    {file = "pyparsing-3.0.9.tar.gz", hash = "sha256:2b020ecf7d21b687f219b71ecad3631f644a47f01403fa1d1036b0c6416d70fb"},
]
pytest = [
    {file = "pytest-5.4.3-py3-none-any.whl", hash = "sha256:5c0db86b698e8f170ba4582a492248919255fcd4c79b1ee64ace34301fb589a1"},
    {file = "pytest-5.4.3.tar.gz", hash = "sha256:7979331bfcba207414f5e1263b5a0f8f521d0f457318836a7355531ed1a4c7d8"},
]
pytest-datadir = [
    {file = "pytest-datadir-1.3.1.tar.gz", hash = "sha256:d3af1e738df87515ee509d6135780f25a15959766d9c2b2dbe02bf4fb979cb18"},
    {file = "pytest_datadir-1.3.1-py2.py3-none-any.whl", hash = "sha256:1847ed0efe0bc54cac40ab3fba6d651c2f03d18dd01f2a582979604d32e7621e"},
]
pytest-mock = [
    {file = "pytest-mock-3.7.0.tar.gz", hash = "sha256:5112bd92cc9f186ee96e1a92efc84969ea494939c3aead39c50f421c4cc69534"},
    {file = "pytest_mock-3.7.0-py3-none-any.whl", hash = "sha256:6cff27cec936bf81dc5ee87f07132b807bcda51106b5ec4b90a04331cba76231"},
]
python-levenshtein-wheels = [
    {file = "python-Levenshtein-wheels-0.13.2.tar.gz", hash = "sha256:7bd8fc3ceeeaca626848a0d7a01d02f5b93475f2d56eaa37921f1271dec7bfb1"},
    {file = "python_Levenshtein_wheels-0.13.2-cp27-cp27m-manylinux1_i686.whl", hash = "sha256:c18114a8685684de347a7180c279b9ac228f2efff550db0f6e6d9b51e43a0d40"},
    {file = "python_Levenshtein_wheels-0.13.2-cp27-cp27m-manylinux1_x86_64.whl", hash = "sha256:3546e97f69040ee18945dfbd989f38b1a51771a73fa2e5c927a19617cee8770f"},
    {file = "python_Levenshtein_wheels-0.13.2-cp27-cp27m-manylinux2010_i686.whl", hash = "sha256:73efa05902c0b544c1228dee3460766141cca4bbe8cab759a179b3d0de830f20"},
    {file = "python_Levenshtein_wheels-0.13.2-cp27-cp27m-manylinux2010_x86_64.whl", hash = "sha256:80755131a888062345a5dc4d67cb40b103d3d56b1fbf73ebc23b09e90abe2aa5"},
    {file = "python_Levenshtein_wheels-0.13.2-cp27-cp27mu-manylinux1_i686.whl", hash = "sha256:68bd86b9ecd9145939f902f989bf0c2a4116248f63cd9417f39f91be17cceffd"},
    {file = "python_Levenshtein_wheels-0.13.2-cp27-cp27mu-manylinux1_x86_64.whl", hash = "sha256:c2a4710965a3b3e1c95ffe55bd9c3b7af2b8c5ca20bd6d3c7b2c8b19dc7c8d52"},
    {file = "python_Levenshtein_wheels-0.13.2-cp27-cp27mu-manylinux2010_i686.whl", hash = "sha256:a361cb9531ca5c626f6d2000c584ffd275a663cfd0c1552df996a892e23ccd2a"},
    {file = "python_Levenshtein_wheels-0.13.2-cp27-cp27mu-manylinux2010_x86_64.whl", hash = "sha256:e6120a75e75c36dd647303ea932136d57c338ac6fe439c664425e6a4c1a9ccb3"},
    {file = "python_Levenshtein_wheels-0.13.2-cp36-cp36m-manylinux1_i686.whl", hash = "sha256:74f1726463d8cdd53966e32f0e3431466506b7dc74c7fa255f53cf3f207aaf36"},
    {file = "python_Levenshtein_wheels-0.13.2-cp36-cp36m-manylinux1_x86_64.whl", hash = "sha256:39beafdf1621a01d2bb41eb3594016d601096dc5243819651d5f2ab2676184db"},
    {file = "python_Levenshtein_wheels-0.13.2-cp36-cp36m-manylinux2010_i686.whl", hash = "sha256:973ea9372520077191d30e31e27d0bd256b36646ec9b642fc6afe2de4093a8eb"},
    {file = "python_Levenshtein_wheels-0.13.2-cp36-cp36m-manylinux2010_x86_64.whl", hash = "sha256:6c435c871a7c2ee9b90cdb14df9bb4d3388472a71eb8727f903d7271a6923f4f"},
    {file = "python_Levenshtein_wheels-0.13.2-cp36-cp36m-manylinux2014_aarch64.whl", hash = "sha256:524143d10396a9c015ffd5fa75ffbd3abf7aeec8ff5eaf4d5c559f5805fe174b"},
    {file = "python_Levenshtein_wheels-0.13.2-cp36-cp36m-win32.whl", hash = "sha256:935b014887fcfd60544ca9cab7810acd5504529d85ea058bb167259c77412831"},
    {file = "python_Levenshtein_wheels-0.13.2-cp36-cp36m-win_amd64.whl", hash = "sha256:088cb1ec5cefc1c1d28e2b2bce0f11159a9f934565c6515f288e1d1526cbd6d6"},
    {file = "python_Levenshtein_wheels-0.13.2-cp37-cp37m-manylinux1_i686.whl", hash = "sha256:ca2cb3aea90227af2633ed58a2187fdb892a6373407c6aae5e3be28eb3b5cae3"},
    {file = "python_Levenshtein_wheels-0.13.2-cp37-cp37m-manylinux1_x86_64.whl", hash = "sha256:0922fd8eb1922bc1bfae40bca8013e2e3d37edab5913707d832136274994f58f"},
    {file = "python_Levenshtein_wheels-0.13.2-cp37-cp37m-manylinux2010_i686.whl", hash = "sha256:2257bfd55fd930fb57ac05840b31d0334e329e290fea81e8458ce87d4793ff7e"},
    {file = "python_Levenshtein_wheels-0.13.2-cp37-cp37m-manylinux2010_x86_64.whl", hash = "sha256:7b12d9a5442f1958a04dd4b9136620c8f510982a9c8561ac2f3482eb80c10c1b"},
    {file = "python_Levenshtein_wheels-0.13.2-cp37-cp37m-manylinux2014_aarch64.whl", hash = "sha256:d17b470ab901b1e06b96a8c9f29d6182449075f5c10ebaaee59e820a22805c0f"},
    {file = "python_Levenshtein_wheels-0.13.2-cp37-cp37m-win32.whl", hash = "sha256:b3ab0f2828f74eb0691d77ab46dc2effb459dd889fb0e4c4e7d835ab1e4bd86d"},
    {file = "python_Levenshtein_wheels-0.13.2-cp37-cp37m-win_amd64.whl", hash = "sha256:ae14f2bc45192bb0bcdda2c8183252c1e96b669ba60ed95cfecdb6fb6cf77586"},
    {file = "python_Levenshtein_wheels-0.13.2-cp38-cp38-manylinux1_i686.whl", hash = "sha256:cca7d7d7a4e94558482767fb42db557655c404bb80752cf9d362fc0c3839e7f5"},
    {file = "python_Levenshtein_wheels-0.13.2-cp38-cp38-manylinux1_x86_64.whl", hash = "sha256:2e101f3c5f74edcc4b0761909790ba83afdfcdef8d0c95fef9ccbb2cda413cee"},
    {file = "python_Levenshtein_wheels-0.13.2-cp38-cp38-manylinux2010_i686.whl", hash = "sha256:ed71883e2a48865012819e961e09690c699ba236097a77a6bf062412c2553d6a"},
    {file = "python_Levenshtein_wheels-0.13.2-cp38-cp38-manylinux2010_x86_64.whl", hash = "sha256:58c3bbc94fa65e9f434593092fe26021166eb9c0b129dddcaf415e839d33ca47"},
    {file = "python_Levenshtein_wheels-0.13.2-cp38-cp38-manylinux2014_aarch64.whl", hash = "sha256:adb2c3cb7b8e2c11785908d68b5097fa634da179c2002a4b7b3c7dff991573d8"},
    {file = "python_Levenshtein_wheels-0.13.2-cp38-cp38-win32.whl", hash = "sha256:8511dc759b61e6ddb68ceab7540a3d9facaa648468cf117a0f91d72abb34ec77"},
    {file = "python_Levenshtein_wheels-0.13.2-cp38-cp38-win_amd64.whl", hash = "sha256:d439e44856702a0c14a2470bc026dacfe89acead538b64d32d80a81954e86c66"},
    {file = "python_Levenshtein_wheels-0.13.2-cp39-cp39-manylinux1_i686.whl", hash = "sha256:ca140bfaca168bfd81bade0a2f8ddaedc65dd508aabe704e7bf6902af4a72133"},
    {file = "python_Levenshtein_wheels-0.13.2-cp39-cp39-manylinux1_x86_64.whl", hash = "sha256:f9a9d6fd3b23dd992ad97d84016ff83ebef0a3deb0d17cd7ec1dec6bd2a03fe3"},
    {file = "python_Levenshtein_wheels-0.13.2-cp39-cp39-manylinux2010_i686.whl", hash = "sha256:a3b448dd1df9678ebf072230a4f12c89a9c0d26283ae0316cc1041e340ae6848"},
    {file = "python_Levenshtein_wheels-0.13.2-cp39-cp39-manylinux2010_x86_64.whl", hash = "sha256:db093fdd8386dd9733064541455a45b777125db0e232f95e732ccb1e4e3204ae"},
    {file = "python_Levenshtein_wheels-0.13.2-cp39-cp39-manylinux2014_aarch64.whl", hash = "sha256:c80f9b14e5f361fd909981ed1474eeb22719e501153f3b98d44d97da2becffb7"},
    {file = "python_Levenshtein_wheels-0.13.2-cp39-cp39-win32.whl", hash = "sha256:2ad9aee1bd64b2e0faa80417c352a04f6b963424f51f2074ad279e6a6cdff603"},
    {file = "python_Levenshtein_wheels-0.13.2-cp39-cp39-win_amd64.whl", hash = "sha256:350d473dc4f262ce37b12c57806b0422bd5a9a1a755717174225ef6062ab2c5a"},
    {file = "python_Levenshtein_wheels-0.13.2-pp27-pypy_73-manylinux1_x86_64.whl", hash = "sha256:ce672ee3f9d635e63fdaba07d7a7dc4711c51007ab4d9033d8380bad8b7c9ade"},
    {file = "python_Levenshtein_wheels-0.13.2-pp27-pypy_73-manylinux2010_x86_64.whl", hash = "sha256:92cf7b7b3e9cac8637575640baefd3c860d87cd001893a19a5bccb6eb9027ce4"},
    {file = "python_Levenshtein_wheels-0.13.2-pp36-pypy36_pp73-manylinux1_x86_64.whl", hash = "sha256:c50683f846cbf1248f82d05b11487a7f0aaa01583d82c39b009b9c7db4fa358e"},
    {file = "python_Levenshtein_wheels-0.13.2-pp36-pypy36_pp73-manylinux2010_x86_64.whl", hash = "sha256:96cb222d45da3c960f22a2bb694a0b4d57d2a62a03b24e4dfae01ab5a1a30cfe"},
    {file = "python_Levenshtein_wheels-0.13.2-pp36-pypy36_pp73-win32.whl", hash = "sha256:641a14fd3bf28e1b4a443cbf0a5c8c7ce255f2be67019862d3734274018e56ed"},
    {file = "python_Levenshtein_wheels-0.13.2-pp37-pypy37_pp73-manylinux1_x86_64.whl", hash = "sha256:5f37c055dcf8ea3fa88bb62c63195cbb05619236ae289aefa1cb0720fa01373e"},
    {file = "python_Levenshtein_wheels-0.13.2-pp37-pypy37_pp73-manylinux2010_x86_64.whl", hash = "sha256:4c55f77ac0b9c87152a409824f9880c8abebe0a7381956a260a4c52e16e32b6b"},
    {file = "python_Levenshtein_wheels-0.13.2-pp37-pypy37_pp73-win32.whl", hash = "sha256:150852c3851659fc95a3435331e9c980ebde6729f2cb0cf5ed4a33f98b0f0839"},
]
pyyaml = [
    {file = "PyYAML-6.0-cp310-cp310-macosx_10_9_x86_64.whl", hash = "sha256:d4db7c7aef085872ef65a8fd7d6d09a14ae91f691dec3e87ee5ee0539d516f53"},
    {file = "PyYAML-6.0-cp310-cp310-macosx_11_0_arm64.whl", hash = "sha256:9df7ed3b3d2e0ecfe09e14741b857df43adb5a3ddadc919a2d94fbdf78fea53c"},
    {file = "PyYAML-6.0-cp310-cp310-manylinux_2_17_aarch64.manylinux2014_aarch64.whl", hash = "sha256:77f396e6ef4c73fdc33a9157446466f1cff553d979bd00ecb64385760c6babdc"},
    {file = "PyYAML-6.0-cp310-cp310-manylinux_2_17_s390x.manylinux2014_s390x.whl", hash = "sha256:a80a78046a72361de73f8f395f1f1e49f956c6be882eed58505a15f3e430962b"},
    {file = "PyYAML-6.0-cp310-cp310-manylinux_2_5_x86_64.manylinux1_x86_64.manylinux_2_12_x86_64.manylinux2010_x86_64.whl", hash = "sha256:f84fbc98b019fef2ee9a1cb3ce93e3187a6df0b2538a651bfb890254ba9f90b5"},
    {file = "PyYAML-6.0-cp310-cp310-win32.whl", hash = "sha256:2cd5df3de48857ed0544b34e2d40e9fac445930039f3cfe4bcc592a1f836d513"},
    {file = "PyYAML-6.0-cp310-cp310-win_amd64.whl", hash = "sha256:daf496c58a8c52083df09b80c860005194014c3698698d1a57cbcfa182142a3a"},
    {file = "PyYAML-6.0-cp36-cp36m-macosx_10_9_x86_64.whl", hash = "sha256:897b80890765f037df3403d22bab41627ca8811ae55e9a722fd0392850ec4d86"},
    {file = "PyYAML-6.0-cp36-cp36m-manylinux_2_17_aarch64.manylinux2014_aarch64.whl", hash = "sha256:50602afada6d6cbfad699b0c7bb50d5ccffa7e46a3d738092afddc1f9758427f"},
    {file = "PyYAML-6.0-cp36-cp36m-manylinux_2_17_s390x.manylinux2014_s390x.whl", hash = "sha256:48c346915c114f5fdb3ead70312bd042a953a8ce5c7106d5bfb1a5254e47da92"},
    {file = "PyYAML-6.0-cp36-cp36m-manylinux_2_5_x86_64.manylinux1_x86_64.manylinux_2_12_x86_64.manylinux2010_x86_64.whl", hash = "sha256:98c4d36e99714e55cfbaaee6dd5badbc9a1ec339ebfc3b1f52e293aee6bb71a4"},
    {file = "PyYAML-6.0-cp36-cp36m-win32.whl", hash = "sha256:0283c35a6a9fbf047493e3a0ce8d79ef5030852c51e9d911a27badfde0605293"},
    {file = "PyYAML-6.0-cp36-cp36m-win_amd64.whl", hash = "sha256:07751360502caac1c067a8132d150cf3d61339af5691fe9e87803040dbc5db57"},
    {file = "PyYAML-6.0-cp37-cp37m-macosx_10_9_x86_64.whl", hash = "sha256:819b3830a1543db06c4d4b865e70ded25be52a2e0631ccd2f6a47a2822f2fd7c"},
    {file = "PyYAML-6.0-cp37-cp37m-manylinux_2_17_aarch64.manylinux2014_aarch64.whl", hash = "sha256:473f9edb243cb1935ab5a084eb238d842fb8f404ed2193a915d1784b5a6b5fc0"},
    {file = "PyYAML-6.0-cp37-cp37m-manylinux_2_17_s390x.manylinux2014_s390x.whl", hash = "sha256:0ce82d761c532fe4ec3f87fc45688bdd3a4c1dc5e0b4a19814b9009a29baefd4"},
    {file = "PyYAML-6.0-cp37-cp37m-manylinux_2_5_x86_64.manylinux1_x86_64.manylinux_2_12_x86_64.manylinux2010_x86_64.whl", hash = "sha256:231710d57adfd809ef5d34183b8ed1eeae3f76459c18fb4a0b373ad56bedcdd9"},
    {file = "PyYAML-6.0-cp37-cp37m-win32.whl", hash = "sha256:c5687b8d43cf58545ade1fe3e055f70eac7a5a1a0bf42824308d868289a95737"},
    {file = "PyYAML-6.0-cp37-cp37m-win_amd64.whl", hash = "sha256:d15a181d1ecd0d4270dc32edb46f7cb7733c7c508857278d3d378d14d606db2d"},
    {file = "PyYAML-6.0-cp38-cp38-macosx_10_9_x86_64.whl", hash = "sha256:0b4624f379dab24d3725ffde76559cff63d9ec94e1736b556dacdfebe5ab6d4b"},
    {file = "PyYAML-6.0-cp38-cp38-manylinux_2_17_aarch64.manylinux2014_aarch64.whl", hash = "sha256:213c60cd50106436cc818accf5baa1aba61c0189ff610f64f4a3e8c6726218ba"},
    {file = "PyYAML-6.0-cp38-cp38-manylinux_2_17_s390x.manylinux2014_s390x.whl", hash = "sha256:9fa600030013c4de8165339db93d182b9431076eb98eb40ee068700c9c813e34"},
    {file = "PyYAML-6.0-cp38-cp38-manylinux_2_5_x86_64.manylinux1_x86_64.manylinux_2_12_x86_64.manylinux2010_x86_64.whl", hash = "sha256:277a0ef2981ca40581a47093e9e2d13b3f1fbbeffae064c1d21bfceba2030287"},
    {file = "PyYAML-6.0-cp38-cp38-win32.whl", hash = "sha256:d4eccecf9adf6fbcc6861a38015c2a64f38b9d94838ac1810a9023a0609e1b78"},
    {file = "PyYAML-6.0-cp38-cp38-win_amd64.whl", hash = "sha256:1e4747bc279b4f613a09eb64bba2ba602d8a6664c6ce6396a4d0cd413a50ce07"},
    {file = "PyYAML-6.0-cp39-cp39-macosx_10_9_x86_64.whl", hash = "sha256:055d937d65826939cb044fc8c9b08889e8c743fdc6a32b33e2390f66013e449b"},
    {file = "PyYAML-6.0-cp39-cp39-macosx_11_0_arm64.whl", hash = "sha256:e61ceaab6f49fb8bdfaa0f92c4b57bcfbea54c09277b1b4f7ac376bfb7a7c174"},
    {file = "PyYAML-6.0-cp39-cp39-manylinux_2_17_aarch64.manylinux2014_aarch64.whl", hash = "sha256:d67d839ede4ed1b28a4e8909735fc992a923cdb84e618544973d7dfc71540803"},
    {file = "PyYAML-6.0-cp39-cp39-manylinux_2_17_s390x.manylinux2014_s390x.whl", hash = "sha256:cba8c411ef271aa037d7357a2bc8f9ee8b58b9965831d9e51baf703280dc73d3"},
    {file = "PyYAML-6.0-cp39-cp39-manylinux_2_5_x86_64.manylinux1_x86_64.manylinux_2_12_x86_64.manylinux2010_x86_64.whl", hash = "sha256:40527857252b61eacd1d9af500c3337ba8deb8fc298940291486c465c8b46ec0"},
    {file = "PyYAML-6.0-cp39-cp39-win32.whl", hash = "sha256:b5b9eccad747aabaaffbc6064800670f0c297e52c12754eb1d976c57e4f74dcb"},
    {file = "PyYAML-6.0-cp39-cp39-win_amd64.whl", hash = "sha256:b3d267842bf12586ba6c734f89d1f5b871df0273157918b0ccefa29deb05c21c"},
    {file = "PyYAML-6.0.tar.gz", hash = "sha256:68fb519c14306fec9720a2a5b45bc9f0c8d1b9c72adf45c37baedfcd949c35a2"},
]
rich = [
    {file = "rich-12.4.1-py3-none-any.whl", hash = "sha256:d13c6c90c42e24eb7ce660db397e8c398edd58acb7f92a2a88a95572b838aaa4"},
    {file = "rich-12.4.1.tar.gz", hash = "sha256:d239001c0fb7de985e21ec9a4bb542b5150350330bbc1849f835b9cbc8923b91"},
]
six = [
    {file = "six-1.16.0-py2.py3-none-any.whl", hash = "sha256:8abb2f1d86890a2dfb989f9a77cfcfd3e47c2a354b01111771326f8aa26e0254"},
    {file = "six-1.16.0.tar.gz", hash = "sha256:1e61c37477a1626458e36f7b1d82aa5c9b094fa4802892072e49de9c60c4c926"},
]
textfsm = [
    {file = "textfsm-1.1.2-py2.py3-none-any.whl", hash = "sha256:f3d4e9bd4344935a08e6844e53d6220e2e4fb7e465bee51fa909152ed6bab406"},
    {file = "textfsm-1.1.2.tar.gz", hash = "sha256:85a450b441aff04b1cac726bdb36f35534a5b196cca08c8bc14fddd879c4255c"},
]
typing-extensions = [
    {file = "typing_extensions-4.2.0-py3-none-any.whl", hash = "sha256:6657594ee297170d19f67d55c05852a874e7eb634f4f753dbd667855e07c1708"},
    {file = "typing_extensions-4.2.0.tar.gz", hash = "sha256:f1c24655a0da0d1b67f07e17a5e6b2a105894e6824b92096378bb3668ef02376"},
]
wcwidth = [
    {file = "wcwidth-0.2.5-py2.py3-none-any.whl", hash = "sha256:beb4802a9cebb9144e99086eff703a642a13d6a0052920003a230f3294bbe784"},
    {file = "wcwidth-0.2.5.tar.gz", hash = "sha256:c4d647b99872929fdb7bdcaa4fbe7f01413ed3d98077df798530e5b04f116c83"},
]
